
Microsoft Visual Studio Solution File, Format Version 12.00
# Visual Studio 15
VisualStudioVersion = 15.0.26124.0
MinimumVisualStudioVersion = 15.0.26124.0
Project("{2150E333-8FDC-42A3-9474-1A3956D46DE8}") = "src", "src", "{65527D07-70F1-4065-B6F7-632399BD4BB2}"
EndProject
Project("{FAE04EC0-301F-11D3-BF4B-00C04F79EFBC}") = "Application", "src\Application\Application.csproj", "{F9EB9896-4FC3-4D46-86BC-C2E8E8C69A5B}"
EndProject
Project("{FAE04EC0-301F-11D3-BF4B-00C04F79EFBC}") = "Domain", "src\Domain\Domain.csproj", "{E68ADBB3-29FA-45DD-92FB-0D841AE60727}"
EndProject
Project("{FAE04EC0-301F-11D3-BF4B-00C04F79EFBC}") = "Infrastructure", "src\Infrastructure\Infrastructure.csproj", "{31281B93-EA61-4924-81AC-62560E25FE40}"
EndProject
Project("{FAE04EC0-301F-11D3-BF4B-00C04F79EFBC}") = "Presentation", "src\Presentation\Presentation.csproj", "{BE7E4013-AA6D-4BB9-B0E7-B5BDA23572E7}"
EndProject
Global
	GlobalSection(SolutionConfigurationPlatforms) = preSolution
		Debug|Any CPU = Debug|Any CPU
		Debug|x64 = Debug|x64
		Debug|x86 = Debug|x86
		Release|Any CPU = Release|Any CPU
		Release|x64 = Release|x64
		Release|x86 = Release|x86
	EndGlobalSection
	GlobalSection(SolutionProperties) = preSolution
		HideSolutionNode = FALSE
	EndGlobalSection
	GlobalSection(ProjectConfigurationPlatforms) = postSolution
		{F9EB9896-4FC3-4D46-86BC-C2E8E8C69A5B}.Debug|Any CPU.ActiveCfg = Debug|Any CPU
		{F9EB9896-4FC3-4D46-86BC-C2E8E8C69A5B}.Debug|Any CPU.Build.0 = Debug|Any CPU
		{F9EB9896-4FC3-4D46-86BC-C2E8E8C69A5B}.Debug|x64.ActiveCfg = Debug|Any CPU
		{F9EB9896-4FC3-4D46-86BC-C2E8E8C69A5B}.Debug|x64.Build.0 = Debug|Any CPU
		{F9EB9896-4FC3-4D46-86BC-C2E8E8C69A5B}.Debug|x86.ActiveCfg = Debug|Any CPU
		{F9EB9896-4FC3-4D46-86BC-C2E8E8C69A5B}.Debug|x86.Build.0 = Debug|Any CPU
		{F9EB9896-4FC3-4D46-86BC-C2E8E8C69A5B}.Release|Any CPU.ActiveCfg = Release|Any CPU
		{F9EB9896-4FC3-4D46-86BC-C2E8E8C69A5B}.Release|Any CPU.Build.0 = Release|Any CPU
		{F9EB9896-4FC3-4D46-86BC-C2E8E8C69A5B}.Release|x64.ActiveCfg = Release|Any CPU
		{F9EB9896-4FC3-4D46-86BC-C2E8E8C69A5B}.Release|x64.Build.0 = Release|Any CPU
		{F9EB9896-4FC3-4D46-86BC-C2E8E8C69A5B}.Release|x86.ActiveCfg = Release|Any CPU
		{F9EB9896-4FC3-4D46-86BC-C2E8E8C69A5B}.Release|x86.Build.0 = Release|Any CPU
		{E68ADBB3-29FA-45DD-92FB-0D841AE60727}.Debug|Any CPU.ActiveCfg = Debug|Any CPU
		{E68ADBB3-29FA-45DD-92FB-0D841AE60727}.Debug|Any CPU.Build.0 = Debug|Any CPU
		{E68ADBB3-29FA-45DD-92FB-0D841AE60727}.Debug|x64.ActiveCfg = Debug|Any CPU
		{E68ADBB3-29FA-45DD-92FB-0D841AE60727}.Debug|x64.Build.0 = Debug|Any CPU
		{E68ADBB3-29FA-45DD-92FB-0D841AE60727}.Debug|x86.ActiveCfg = Debug|Any CPU
		{E68ADBB3-29FA-45DD-92FB-0D841AE60727}.Debug|x86.Build.0 = Debug|Any CPU
		{E68ADBB3-29FA-45DD-92FB-0D841AE60727}.Release|Any CPU.ActiveCfg = Release|Any CPU
		{E68ADBB3-29FA-45DD-92FB-0D841AE60727}.Release|Any CPU.Build.0 = Release|Any CPU
		{E68ADBB3-29FA-45DD-92FB-0D841AE60727}.Release|x64.ActiveCfg = Release|Any CPU
		{E68ADBB3-29FA-45DD-92FB-0D841AE60727}.Release|x64.Build.0 = Release|Any CPU
		{E68ADBB3-29FA-45DD-92FB-0D841AE60727}.Release|x86.ActiveCfg = Release|Any CPU
		{E68ADBB3-29FA-45DD-92FB-0D841AE60727}.Release|x86.Build.0 = Release|Any CPU
		{31281B93-EA61-4924-81AC-62560E25FE40}.Debug|Any CPU.ActiveCfg = Debug|Any CPU
		{31281B93-EA61-4924-81AC-62560E25FE40}.Debug|Any CPU.Build.0 = Debug|Any CPU
		{31281B93-EA61-4924-81AC-62560E25FE40}.Debug|x64.ActiveCfg = Debug|Any CPU
		{31281B93-EA61-4924-81AC-62560E25FE40}.Debug|x64.Build.0 = Debug|Any CPU
		{31281B93-EA61-4924-81AC-62560E25FE40}.Debug|x86.ActiveCfg = Debug|Any CPU
		{31281B93-EA61-4924-81AC-62560E25FE40}.Debug|x86.Build.0 = Debug|Any CPU
		{31281B93-EA61-4924-81AC-62560E25FE40}.Release|Any CPU.ActiveCfg = Release|Any CPU
		{31281B93-EA61-4924-81AC-62560E25FE40}.Release|Any CPU.Build.0 = Release|Any CPU
		{31281B93-EA61-4924-81AC-62560E25FE40}.Release|x64.ActiveCfg = Release|Any CPU
		{31281B93-EA61-4924-81AC-62560E25FE40}.Release|x64.Build.0 = Release|Any CPU
		{31281B93-EA61-4924-81AC-62560E25FE40}.Release|x86.ActiveCfg = Release|Any CPU
		{31281B93-EA61-4924-81AC-62560E25FE40}.Release|x86.Build.0 = Release|Any CPU
		{BE7E4013-AA6D-4BB9-B0E7-B5BDA23572E7}.Debug|Any CPU.ActiveCfg = Debug|Any CPU
		{BE7E4013-AA6D-4BB9-B0E7-B5BDA23572E7}.Debug|Any CPU.Build.0 = Debug|Any CPU
		{BE7E4013-AA6D-4BB9-B0E7-B5BDA23572E7}.Debug|x64.ActiveCfg = Debug|Any CPU
		{BE7E4013-AA6D-4BB9-B0E7-B5BDA23572E7}.Debug|x64.Build.0 = Debug|Any CPU
		{BE7E4013-AA6D-4BB9-B0E7-B5BDA23572E7}.Debug|x86.ActiveCfg = Debug|Any CPU
		{BE7E4013-AA6D-4BB9-B0E7-B5BDA23572E7}.Debug|x86.Build.0 = Debug|Any CPU
		{BE7E4013-AA6D-4BB9-B0E7-B5BDA23572E7}.Release|Any CPU.ActiveCfg = Release|Any CPU
		{BE7E4013-AA6D-4BB9-B0E7-B5BDA23572E7}.Release|Any CPU.Build.0 = Release|Any CPU
		{BE7E4013-AA6D-4BB9-B0E7-B5BDA23572E7}.Release|x64.ActiveCfg = Release|Any CPU
		{BE7E4013-AA6D-4BB9-B0E7-B5BDA23572E7}.Release|x64.Build.0 = Release|Any CPU
		{BE7E4013-AA6D-4BB9-B0E7-B5BDA23572E7}.Release|x86.ActiveCfg = Release|Any CPU
		{BE7E4013-AA6D-4BB9-B0E7-B5BDA23572E7}.Release|x86.Build.0 = Release|Any CPU
	EndGlobalSection
	GlobalSection(NestedProjects) = preSolution
		{F9EB9896-4FC3-4D46-86BC-C2E8E8C69A5B} = {65527D07-70F1-4065-B6F7-632399BD4BB2}
		{E68ADBB3-29FA-45DD-92FB-0D841AE60727} = {65527D07-70F1-4065-B6F7-632399BD4BB2}
		{31281B93-EA61-4924-81AC-62560E25FE40} = {65527D07-70F1-4065-B6F7-632399BD4BB2}
		{BE7E4013-AA6D-4BB9-B0E7-B5BDA23572E7} = {65527D07-70F1-4065-B6F7-632399BD4BB2}
	EndGlobalSection
EndGlobal
